
Microsoft Visual Studio Solution File, Format Version 12.00
# Visual Studio Version 17
VisualStudioVersion = 17.5.002.0
MinimumVisualStudioVersion = 10.0.40219.1
Project("{9A19103F-16F7-4668-BE54-9A1E7A4F7556}") = "Projeto_Web-Lh_Pets_Alunos", "Projeto_Web-Lh_Pets_Alunos.csproj", "{B7A4BD66-9407-443D-A8C8-41DEB99D814B}"
EndProject
Global
	GlobalSection(SolutionConfigurationPlatforms) = preSolution
		Debug|Any CPU = Debug|Any CPU
		Release|Any CPU = Release|Any CPU
	EndGlobalSection
	GlobalSection(ProjectConfigurationPlatforms) = postSolution
		{B7A4BD66-9407-443D-A8C8-41DEB99D814B}.Debug|Any CPU.ActiveCfg = Debug|Any CPU
		{B7A4BD66-9407-443D-A8C8-41DEB99D814B}.Debug|Any CPU.Build.0 = Debug|Any CPU
		{B7A4BD66-9407-443D-A8C8-41DEB99D814B}.Release|Any CPU.ActiveCfg = Release|Any CPU
		{B7A4BD66-9407-443D-A8C8-41DEB99D814B}.Release|Any CPU.Build.0 = Release|Any CPU
	EndGlobalSection
	GlobalSection(SolutionProperties) = preSolution
		HideSolutionNode = FALSE
	EndGlobalSection
	GlobalSection(ExtensibilityGlobals) = postSolution
		SolutionGuid = {96C64562-D47A-4D06-8F6D-FD3E50B64789}
	EndGlobalSection
EndGlobal
